
Microsoft Visual Studio Solution File, Format Version 12.00
# Visual Studio Version 16
VisualStudioVersion = 16.0.30907.101
MinimumVisualStudioVersion = 10.0.40219.1
Project("{9A19103F-16F7-4668-BE54-9A1E7A4F7556}") = "Blog_Alpha", "Blog_Alpha\Blog_Alpha.csproj", "{5A446E3E-5DB2-4F18-B9BE-6C42B0AFE49C}"
EndProject
Project("{FAE04EC0-301F-11D3-BF4B-00C04F79EFBC}") = "Blog_Alpha.Data", "Blog_Alpha.DataAccess\Blog_Alpha.Data.csproj", "{CD7856DC-35DA-49A1-B3D5-13BA94E44FE9}"
EndProject
Project("{FAE04EC0-301F-11D3-BF4B-00C04F79EFBC}") = "Blog_Alpha.Models", "Blog_Alpha.Models\Blog_Alpha.Models.csproj", "{97313025-4D96-499A-A978-08F16E5C57F4}"
EndProject
Project("{FAE04EC0-301F-11D3-BF4B-00C04F79EFBC}") = "Blog_Alpha.Utilities", "Blog_Alpha.Utilities\Blog_Alpha.Utilities.csproj", "{56C6566F-A7FC-4904-BCBD-5F7319EEB1C2}"
EndProject
Global
	GlobalSection(SolutionConfigurationPlatforms) = preSolution
		Debug|Any CPU = Debug|Any CPU
		Release|Any CPU = Release|Any CPU
	EndGlobalSection
	GlobalSection(ProjectConfigurationPlatforms) = postSolution
		{5A446E3E-5DB2-4F18-B9BE-6C42B0AFE49C}.Debug|Any CPU.ActiveCfg = Debug|Any CPU
		{5A446E3E-5DB2-4F18-B9BE-6C42B0AFE49C}.Debug|Any CPU.Build.0 = Debug|Any CPU
		{5A446E3E-5DB2-4F18-B9BE-6C42B0AFE49C}.Release|Any CPU.ActiveCfg = Release|Any CPU
		{5A446E3E-5DB2-4F18-B9BE-6C42B0AFE49C}.Release|Any CPU.Build.0 = Release|Any CPU
		{CD7856DC-35DA-49A1-B3D5-13BA94E44FE9}.Debug|Any CPU.ActiveCfg = Debug|Any CPU
		{CD7856DC-35DA-49A1-B3D5-13BA94E44FE9}.Debug|Any CPU.Build.0 = Debug|Any CPU
		{CD7856DC-35DA-49A1-B3D5-13BA94E44FE9}.Release|Any CPU.ActiveCfg = Release|Any CPU
		{CD7856DC-35DA-49A1-B3D5-13BA94E44FE9}.Release|Any CPU.Build.0 = Release|Any CPU
		{97313025-4D96-499A-A978-08F16E5C57F4}.Debug|Any CPU.ActiveCfg = Debug|Any CPU
		{97313025-4D96-499A-A978-08F16E5C57F4}.Debug|Any CPU.Build.0 = Debug|Any CPU
		{97313025-4D96-499A-A978-08F16E5C57F4}.Release|Any CPU.ActiveCfg = Release|Any CPU
		{97313025-4D96-499A-A978-08F16E5C57F4}.Release|Any CPU.Build.0 = Release|Any CPU
		{56C6566F-A7FC-4904-BCBD-5F7319EEB1C2}.Debug|Any CPU.ActiveCfg = Debug|Any CPU
		{56C6566F-A7FC-4904-BCBD-5F7319EEB1C2}.Debug|Any CPU.Build.0 = Debug|Any CPU
		{56C6566F-A7FC-4904-BCBD-5F7319EEB1C2}.Release|Any CPU.ActiveCfg = Release|Any CPU
		{56C6566F-A7FC-4904-BCBD-5F7319EEB1C2}.Release|Any CPU.Build.0 = Release|Any CPU
	EndGlobalSection
	GlobalSection(SolutionProperties) = preSolution
		HideSolutionNode = FALSE
	EndGlobalSection
	GlobalSection(ExtensibilityGlobals) = postSolution
		SolutionGuid = {6902BD93-13E2-4DF3-B9AB-C2ECDDD8B954}
	EndGlobalSection
EndGlobal
